{
  "name": "intro-php",
  "version": "1.0.0",
  "lockfileVersion": 2,
  "requires": true,
  "packages": {
    "": {
      "name": "intro-php",
      "version": "1.0.0",
      "license": "ISC",
      "dependencies": {
        "sakura.css": "^1.4.1"
      }
    },
    "node_modules/sakura.css": {
      "version": "1.4.1",
      "resolved": "https://registry.npmjs.org/sakura.css/-/sakura.css-1.4.1.tgz",
      "integrity": "sha512-n3PvLntuNPurS0S8Id/HPDwr/OJixjmCJpjyfzIYwJz7neQOJMAe7Lf/CB+zgYCZtw61RZFzUjj0c5eygVXSfw=="
    }
  },
  "dependencies": {
    "sakura.css": {
      "version": "1.4.1",
      "resolved": "https://registry.npmjs.org/sakura.css/-/sakura.css-1.4.1.tgz",
      "integrity": "sha512-n3PvLntuNPurS0S8Id/HPDwr/OJixjmCJpjyfzIYwJz7neQOJMAe7Lf/CB+zgYCZtw61RZFzUjj0c5eygVXSfw=="
    }
  }
}
